
Microsoft Visual Studio Solution File, Format Version 12.00
# Visual Studio Version 17
VisualStudioVersion = 17.10.35122.118
MinimumVisualStudioVersion = 10.0.40219.1
Project("{FAE04EC0-301F-11D3-BF4B-00C04F79EFBC}") = "MVC21BITV02Test", "MVC21BITV02Test\MVC21BITV02Test.csproj", "{DD8952A5-E2AA-4D2E-B90F-6DDFDB9C078A}"
EndProject
Global
	GlobalSection(SolutionConfigurationPlatforms) = preSolution
		Debug|Any CPU = Debug|Any CPU
		Release|Any CPU = Release|Any CPU
	EndGlobalSection
	GlobalSection(ProjectConfigurationPlatforms) = postSolution
		{DD8952A5-E2AA-4D2E-B90F-6DDFDB9C078A}.Debug|Any CPU.ActiveCfg = Debug|Any CPU
		{DD8952A5-E2AA-4D2E-B90F-6DDFDB9C078A}.Debug|Any CPU.Build.0 = Debug|Any CPU
		{DD8952A5-E2AA-4D2E-B90F-6DDFDB9C078A}.Release|Any CPU.ActiveCfg = Release|Any CPU
		{DD8952A5-E2AA-4D2E-B90F-6DDFDB9C078A}.Release|Any CPU.Build.0 = Release|Any CPU
	EndGlobalSection
	GlobalSection(SolutionProperties) = preSolution
		HideSolutionNode = FALSE
	EndGlobalSection
	GlobalSection(ExtensibilityGlobals) = postSolution
		SolutionGuid = {CD27EF3D-2AFA-4D57-AA9E-31DF63208D91}
	EndGlobalSection
EndGlobal
